{
  "version": 4,
  "terraform_version": "1.3.6",
  "serial": 20,
  "lineage": "8afb4e69-9721-ca2a-5cf2-83463261b52a",
  "outputs": {},
  "resources": [
    {
      "module": "module.role_assignment",
      "mode": "data",
      "type": "azurerm_client_config",
      "name": "example",
      "provider": "provider[\"registry.terraform.io/hashicorp/azurerm\"]",
      "instances": [
        {
          "schema_version": 0,
          "attributes": {
            "client_id": "04b07795-8ddb-461a-bbee-02f9e1bf7b46",
            "id": "Y2xpZW50Q29uZmlncy9jbGllbnRJZD0wNGIwNzc5NS04ZGRiLTQ2MWEtYmJlZS0wMmY5ZTFiZjdiNDY7b2JqZWN0SWQ9OGYyYWY5ZjItMDJhMC00OGI5LWI3YzQtZjU3OTEyYjE1MmM5O3N1YnNjcmlwdGlvbklkPTY1MGFkNWEyLTE0Y2QtNDNhZS05NTllLWVkMzdhZDc5NTBmNTt0ZW5hbnRJZD04YTcwMjgzOC0xN2M0LTRlN2QtODgzNS1hNWViM2U0MTA3MGI=",
            "object_id": "8f2af9f2-02a0-48b9-b7c4-f57912b152c9",
            "subscription_id": "650ad5a2-14cd-43ae-959e-ed37ad7950f5",
            "tenant_id": "8a702838-17c4-4e7d-8835-a5eb3e41070b",
            "timeouts": null
          },
          "sensitive_attributes": []
        }
      ]
    },
    {
      "module": "module.role_assignment",
      "mode": "data",
      "type": "azurerm_subscription",
      "name": "primary",
      "provider": "provider[\"registry.terraform.io/hashicorp/azurerm\"]",
      "instances": [
        {
          "schema_version": 0,
          "attributes": {
            "display_name": "Free Trial",
            "id": "/subscriptions/650ad5a2-14cd-43ae-959e-ed37ad7950f5",
            "location_placement_id": "PublicAndIndia_2015-09-01",
            "quota_id": "FreeTrial_2014-09-01",
            "spending_limit": "On",
            "state": "Enabled",
            "subscription_id": "650ad5a2-14cd-43ae-959e-ed37ad7950f5",
            "tags": {},
            "tenant_id": "8a702838-17c4-4e7d-8835-a5eb3e41070b",
            "timeouts": null
          },
          "sensitive_attributes": []
        }
      ]
    },
    {
      "module": "module.role_assignment",
      "mode": "managed",
      "type": "azurerm_eventhub",
      "name": "testeventhub",
      "provider": "provider[\"registry.terraform.io/hashicorp/azurerm\"]",
      "instances": [
        {
          "schema_version": 0,
          "attributes": {
            "capture_description": [
              {
                "destination": [
                  {
                    "archive_name_format": "{Namespace}/{EventHub}/{PartitionId}/{Year}-{Month}-{Day}T{Hour}:{Minute}:{Second}",
                    "blob_container_name": "data",
                    "name": "EventHubArchive.AzureBlockBlob",
                    "storage_account_id": "/subscriptions/650ad5a2-14cd-43ae-959e-ed37ad7950f5/resourceGroups/rg-1/providers/Microsoft.Storage/storageAccounts/appstore45776871909"
                  }
                ],
                "enabled": true,
                "encoding": "Avro",
                "interval_in_seconds": 300,
                "size_limit_in_bytes": 10485763,
                "skip_empty_archives": false
              }
            ],
            "id": "/subscriptions/650ad5a2-14cd-43ae-959e-ed37ad7950f5/resourceGroups/rg-1/providers/Microsoft.EventHub/namespaces/testeventhub1220301/eventhubs/test-eventhub",
            "message_retention": 1,
            "name": "test-eventhub",
            "namespace_name": "testeventhub1220301",
            "partition_count": 4,
            "partition_ids": [
              "0",
              "1",
              "2",
              "3"
            ],
            "resource_group_name": "rg-1",
            "status": "Active",
            "timeouts": null
          },
          "sensitive_attributes": [],
          "private": "eyJlMmJmYjczMC1lY2FhLTExZTYtOGY4OC0zNDM2M2JjN2M0YzAiOnsiY3JlYXRlIjoxODAwMDAwMDAwMDAwLCJkZWxldGUiOjE4MDAwMDAwMDAwMDAsInJlYWQiOjMwMDAwMDAwMDAwMCwidXBkYXRlIjoxODAwMDAwMDAwMDAwfX0=",
          "dependencies": [
            "module.role_assignment.azurerm_eventhub_namespace.testeventhubnamespace",
            "module.role_assignment.azurerm_storage_account.appstore"
          ]
        }
      ]
    },
    {
      "module": "module.role_assignment",
      "mode": "managed",
      "type": "azurerm_eventhub_namespace",
      "name": "testeventhubnamespace",
      "provider": "provider[\"registry.terraform.io/hashicorp/azurerm\"]",
      "instances": [
        {
          "schema_version": 0,
          "attributes": {
            "auto_inflate_enabled": false,
            "capacity": 1,
            "dedicated_cluster_id": "",
            "default_primary_connection_string": "Endpoint=sb://testeventhub1220301.servicebus.windows.net/;SharedAccessKeyName=RootManageSharedAccessKey;SharedAccessKey=jrF/raPODrKyGSibQ8imME96L9TbPMKfH+AEhOGcMHg=",
            "default_primary_connection_string_alias": "",
            "default_primary_key": "jrF/raPODrKyGSibQ8imME96L9TbPMKfH+AEhOGcMHg=",
            "default_secondary_connection_string": "Endpoint=sb://testeventhub1220301.servicebus.windows.net/;SharedAccessKeyName=RootManageSharedAccessKey;SharedAccessKey=7nzelTacXfccincqBGtJ7iQyCldj/mVwC+AEhA/xIlY=",
            "default_secondary_connection_string_alias": "",
            "default_secondary_key": "7nzelTacXfccincqBGtJ7iQyCldj/mVwC+AEhA/xIlY=",
            "id": "/subscriptions/650ad5a2-14cd-43ae-959e-ed37ad7950f5/resourceGroups/rg-1/providers/Microsoft.EventHub/namespaces/testeventhub1220301",
            "identity": [],
            "local_authentication_enabled": true,
            "location": "eastus",
            "maximum_throughput_units": 0,
            "minimum_tls_version": "1.2",
            "name": "testeventhub1220301",
            "network_rulesets": [
              {
                "default_action": "Allow",
                "ip_rule": [],
                "public_network_access_enabled": true,
                "trusted_service_access_enabled": false,
                "virtual_network_rule": []
              }
            ],
            "public_network_access_enabled": true,
            "resource_group_name": "rg-1",
            "sku": "Standard",
            "tags": null,
            "timeouts": null,
            "zone_redundant": false
          },
          "sensitive_attributes": [],
          "private": "eyJlMmJmYjczMC1lY2FhLTExZTYtOGY4OC0zNDM2M2JjN2M0YzAiOnsiY3JlYXRlIjoxODAwMDAwMDAwMDAwLCJkZWxldGUiOjE4MDAwMDAwMDAwMDAsInJlYWQiOjMwMDAwMDAwMDAwMCwidXBkYXRlIjoxODAwMDAwMDAwMDAwfX0="
        }
      ]
    },
    {
      "module": "module.role_assignment",
      "mode": "managed",
      "type": "azurerm_network_interface",
      "name": "app_interface",
      "provider": "provider[\"registry.terraform.io/hashicorp/azurerm\"]",
      "instances": [
        {
          "schema_version": 0,
          "attributes": {
            "applied_dns_servers": [],
            "dns_servers": [],
            "edge_zone": "",
            "enable_accelerated_networking": false,
            "enable_ip_forwarding": false,
            "id": "/subscriptions/650ad5a2-14cd-43ae-959e-ed37ad7950f5/resourceGroups/rg-1/providers/Microsoft.Network/networkInterfaces/app-interface",
            "internal_dns_name_label": "",
            "internal_domain_name_suffix": "iugqooq3nqsu1d0fc1xcmnw10a.bx.internal.cloudapp.net",
            "ip_configuration": [
              {
                "gateway_load_balancer_frontend_ip_configuration_id": "",
                "name": "internal",
                "primary": true,
                "private_ip_address": "10.0.1.4",
                "private_ip_address_allocation": "Dynamic",
                "private_ip_address_version": "IPv4",
                "public_ip_address_id": "/subscriptions/650ad5a2-14cd-43ae-959e-ed37ad7950f5/resourceGroups/rg-1/providers/Microsoft.Network/publicIPAddresses/app-public-ip",
                "subnet_id": "/subscriptions/650ad5a2-14cd-43ae-959e-ed37ad7950f5/resourceGroups/rg-1/providers/Microsoft.Network/virtualNetworks/app-network/subnets/SubnetA"
              }
            ],
            "location": "eastus",
            "mac_address": "",
            "name": "app-interface",
            "private_ip_address": "10.0.1.4",
            "private_ip_addresses": [
              "10.0.1.4"
            ],
            "resource_group_name": "rg-1",
            "tags": null,
            "timeouts": null,
            "virtual_machine_id": ""
          },
          "sensitive_attributes": [],
          "private": "eyJlMmJmYjczMC1lY2FhLTExZTYtOGY4OC0zNDM2M2JjN2M0YzAiOnsiY3JlYXRlIjoxODAwMDAwMDAwMDAwLCJkZWxldGUiOjE4MDAwMDAwMDAwMDAsInJlYWQiOjMwMDAwMDAwMDAwMCwidXBkYXRlIjoxODAwMDAwMDAwMDAwfX0=",
          "dependencies": [
            "module.role_assignment.azurerm_public_ip.app_public_ip",
            "module.role_assignment.azurerm_subnet.SubnetA",
            "module.role_assignment.azurerm_virtual_network.app_network"
          ]
        }
      ]
    },
    {
      "module": "module.role_assignment",
      "mode": "managed",
      "type": "azurerm_private_dns_zone",
      "name": "example",
      "provider": "provider[\"registry.terraform.io/hashicorp/azurerm\"]",
      "instances": [
        {
          "schema_version": 0,
          "attributes": {
            "id": "/subscriptions/650ad5a2-14cd-43ae-959e-ed37ad7950f5/resourceGroups/rg-1/providers/Microsoft.Network/privateDnsZones/privatelink.blob.core.windows.net",
            "max_number_of_record_sets": 25000,
            "max_number_of_virtual_network_links": 1000,
            "max_number_of_virtual_network_links_with_registration": 100,
            "name": "privatelink.blob.core.windows.net",
            "number_of_record_sets": 1,
            "resource_group_name": "rg-1",
            "soa_record": [
              {
                "email": "azureprivatedns-host.microsoft.com",
                "expire_time": 2419200,
                "fqdn": "privatelink.blob.core.windows.net.",
                "host_name": "azureprivatedns.net",
                "minimum_ttl": 10,
                "refresh_time": 3600,
                "retry_time": 300,
                "serial_number": 1,
                "tags": {},
                "ttl": 3600
              }
            ],
            "tags": null,
            "timeouts": null
          },
          "sensitive_attributes": [],
          "private": "eyJlMmJmYjczMC1lY2FhLTExZTYtOGY4OC0zNDM2M2JjN2M0YzAiOnsiY3JlYXRlIjoxODAwMDAwMDAwMDAwLCJkZWxldGUiOjE4MDAwMDAwMDAwMDAsInJlYWQiOjMwMDAwMDAwMDAwMCwidXBkYXRlIjoxODAwMDAwMDAwMDAwfX0="
        }
      ]
    },
    {
      "module": "module.role_assignment",
      "mode": "managed",
      "type": "azurerm_private_dns_zone_virtual_network_link",
      "name": "example",
      "provider": "provider[\"registry.terraform.io/hashicorp/azurerm\"]",
      "instances": [
        {
          "schema_version": 0,
          "attributes": {
            "id": "/subscriptions/650ad5a2-14cd-43ae-959e-ed37ad7950f5/resourceGroups/rg-1/providers/Microsoft.Network/privateDnsZones/privatelink.blob.core.windows.net/virtualNetworkLinks/example-link",
            "name": "example-link",
            "private_dns_zone_name": "privatelink.blob.core.windows.net",
            "registration_enabled": false,
            "resource_group_name": "rg-1",
            "tags": null,
            "timeouts": null,
            "virtual_network_id": "/subscriptions/650ad5a2-14cd-43ae-959e-ed37ad7950f5/resourceGroups/rg-1/providers/Microsoft.Network/virtualNetworks/app-network"
          },
          "sensitive_attributes": [],
          "private": "eyJlMmJmYjczMC1lY2FhLTExZTYtOGY4OC0zNDM2M2JjN2M0YzAiOnsiY3JlYXRlIjoxODAwMDAwMDAwMDAwLCJkZWxldGUiOjE4MDAwMDAwMDAwMDAsInJlYWQiOjMwMDAwMDAwMDAwMCwidXBkYXRlIjoxODAwMDAwMDAwMDAwfX0=",
          "dependencies": [
            "module.role_assignment.azurerm_private_dns_zone.example",
            "module.role_assignment.azurerm_virtual_network.app_network"
          ]
        }
      ]
    },
    {
      "module": "module.role_assignment",
      "mode": "managed",
      "type": "azurerm_private_endpoint",
      "name": "privateendpoint1",
      "provider": "provider[\"registry.terraform.io/hashicorp/azurerm\"]",
      "instances": [
        {
          "schema_version": 0,
          "attributes": {
            "custom_dns_configs": [
              {
                "fqdn": "testeventhub1220301.servicebus.windows.net",
                "ip_addresses": [
                  "10.0.1.5"
                ]
              }
            ],
            "custom_network_interface_name": "",
            "id": "/subscriptions/650ad5a2-14cd-43ae-959e-ed37ad7950f5/resourceGroups/rg-1/providers/Microsoft.Network/privateEndpoints/eventhub-private-endpoint-1",
            "ip_configuration": [],
            "location": "eastus",
            "name": "eventhub-private-endpoint-1",
            "network_interface": [
              {
                "id": "/subscriptions/650ad5a2-14cd-43ae-959e-ed37ad7950f5/resourceGroups/rg-1/providers/Microsoft.Network/networkInterfaces/eventhub-private-endpoint-1.nic.7b45e5b2-8487-4738-a833-8d649eb35e18",
                "name": "eventhub-private-endpoint-1.nic.7b45e5b2-8487-4738-a833-8d649eb35e18"
              }
            ],
            "private_dns_zone_configs": [
              {
                "id": "/subscriptions/650ad5a2-14cd-43ae-959e-ed37ad7950f5/resourceGroups/rg-1/providers/Microsoft.Network/privateEndpoints/eventhub-private-endpoint-1/privateDnsZoneGroups/example-dns-zone-group/privateDnsZoneConfigs/privatelink.blob.core.windows.net",
                "name": "privatelink.blob.core.windows.net",
                "private_dns_zone_id": "/subscriptions/650ad5a2-14cd-43ae-959e-ed37ad7950f5/resourceGroups/rg-1/providers/Microsoft.Network/privateDnsZones/privatelink.blob.core.windows.net",
                "record_sets": []
              }
            ],
            "private_dns_zone_group": [
              {
                "id": "/subscriptions/650ad5a2-14cd-43ae-959e-ed37ad7950f5/resourceGroups/rg-1/providers/Microsoft.Network/privateEndpoints/eventhub-private-endpoint-1/privateDnsZoneGroups/example-dns-zone-group",
                "name": "example-dns-zone-group",
                "private_dns_zone_ids": [
                  "/subscriptions/650ad5a2-14cd-43ae-959e-ed37ad7950f5/resourceGroups/rg-1/providers/Microsoft.Network/privateDnsZones/privatelink.blob.core.windows.net"
                ]
              }
            ],
            "private_service_connection": [
              {
                "is_manual_connection": false,
                "name": "example-eventhub-private-connection",
                "private_connection_resource_alias": "",
                "private_connection_resource_id": "/subscriptions/650ad5a2-14cd-43ae-959e-ed37ad7950f5/resourceGroups/rg-1/providers/Microsoft.EventHub/namespaces/testeventhub1220301",
                "private_ip_address": "10.0.1.5",
                "request_message": "",
                "subresource_names": [
                  "Namespace"
                ]
              }
            ],
            "resource_group_name": "rg-1",
            "subnet_id": "/subscriptions/650ad5a2-14cd-43ae-959e-ed37ad7950f5/resourceGroups/rg-1/providers/Microsoft.Network/virtualNetworks/app-network/subnets/SubnetA",
            "tags": null,
            "timeouts": null
          },
          "sensitive_attributes": [],
          "private": "eyJlMmJmYjczMC1lY2FhLTExZTYtOGY4OC0zNDM2M2JjN2M0YzAiOnsiY3JlYXRlIjozNjAwMDAwMDAwMDAwLCJkZWxldGUiOjM2MDAwMDAwMDAwMDAsInJlYWQiOjMwMDAwMDAwMDAwMCwidXBkYXRlIjozNjAwMDAwMDAwMDAwfX0=",
          "dependencies": [
            "module.role_assignment.azurerm_eventhub_namespace.testeventhubnamespace",
            "module.role_assignment.azurerm_private_dns_zone.example",
            "module.role_assignment.azurerm_subnet.SubnetA",
            "module.role_assignment.azurerm_virtual_network.app_network"
          ]
        }
      ]
    },
    {
      "module": "module.role_assignment",
      "mode": "managed",
      "type": "azurerm_public_ip",
      "name": "app_public_ip",
      "provider": "provider[\"registry.terraform.io/hashicorp/azurerm\"]",
      "instances": [
        {
          "schema_version": 0,
          "attributes": {
            "allocation_method": "Static",
            "ddos_protection_mode": "VirtualNetworkInherited",
            "ddos_protection_plan_id": null,
            "domain_name_label": null,
            "edge_zone": "",
            "fqdn": null,
            "id": "/subscriptions/650ad5a2-14cd-43ae-959e-ed37ad7950f5/resourceGroups/rg-1/providers/Microsoft.Network/publicIPAddresses/app-public-ip",
            "idle_timeout_in_minutes": 4,
            "ip_address": "20.172.215.145",
            "ip_tags": null,
            "ip_version": "IPv4",
            "location": "eastus",
            "name": "app-public-ip",
            "public_ip_prefix_id": null,
            "resource_group_name": "rg-1",
            "reverse_fqdn": null,
            "sku": "Basic",
            "sku_tier": "Regional",
            "tags": null,
            "timeouts": null,
            "zones": null
          },
          "sensitive_attributes": [],
          "private": "eyJlMmJmYjczMC1lY2FhLTExZTYtOGY4OC0zNDM2M2JjN2M0YzAiOnsiY3JlYXRlIjoxODAwMDAwMDAwMDAwLCJkZWxldGUiOjE4MDAwMDAwMDAwMDAsInJlYWQiOjMwMDAwMDAwMDAwMCwidXBkYXRlIjoxODAwMDAwMDAwMDAwfX0="
        }
      ]
    },
    {
      "module": "module.role_assignment",
      "mode": "managed",
      "type": "azurerm_resource_group",
      "name": "app_grp",
      "provider": "provider[\"registry.terraform.io/hashicorp/azurerm\"]",
      "instances": [
        {
          "schema_version": 0,
          "attributes": {
            "id": "/subscriptions/650ad5a2-14cd-43ae-959e-ed37ad7950f5/resourceGroups/rg-1",
            "location": "eastus",
            "name": "rg-1",
            "tags": {},
            "timeouts": null
          },
          "sensitive_attributes": [],
          "private": "eyJlMmJmYjczMC1lY2FhLTExZTYtOGY4OC0zNDM2M2JjN2M0YzAiOnsiY3JlYXRlIjo1NDAwMDAwMDAwMDAwLCJkZWxldGUiOjU0MDAwMDAwMDAwMDAsInJlYWQiOjMwMDAwMDAwMDAwMCwidXBkYXRlIjo1NDAwMDAwMDAwMDAwfX0="
        }
      ]
    },
    {
      "module": "module.role_assignment",
      "mode": "managed",
      "type": "azurerm_role_assignment",
      "name": "example",
      "provider": "provider[\"registry.terraform.io/hashicorp/azurerm\"]",
      "instances": [
        {
          "schema_version": 0,
          "attributes": {
            "condition": "",
            "condition_version": "",
            "delegated_managed_identity_resource_id": "",
            "description": "",
            "id": "/subscriptions/650ad5a2-14cd-43ae-959e-ed37ad7950f5/resourceGroups/rg-1/providers/Microsoft.EventHub/namespaces/testeventhub1220301/eventhubs/test-eventhub/providers/Microsoft.Authorization/roleAssignments/43f2d85a-e0cb-e2e6-6347-666e934c076f",
            "name": "43f2d85a-e0cb-e2e6-6347-666e934c076f",
            "principal_id": "8f2af9f2-02a0-48b9-b7c4-f57912b152c9",
            "principal_type": "User",
            "role_definition_id": "/subscriptions/650ad5a2-14cd-43ae-959e-ed37ad7950f5/providers/Microsoft.Authorization/roleDefinitions/acdd72a7-3385-48ef-bd42-f606fba81ae7",
            "role_definition_name": "Reader",
            "scope": "/subscriptions/650ad5a2-14cd-43ae-959e-ed37ad7950f5/resourceGroups/rg-1/providers/Microsoft.EventHub/namespaces/testeventhub1220301/eventhubs/test-eventhub",
            "skip_service_principal_aad_check": null,
            "timeouts": null
          },
          "sensitive_attributes": [],
          "private": "eyJlMmJmYjczMC1lY2FhLTExZTYtOGY4OC0zNDM2M2JjN2M0YzAiOnsiY3JlYXRlIjoxODAwMDAwMDAwMDAwLCJkZWxldGUiOjE4MDAwMDAwMDAwMDAsInJlYWQiOjMwMDAwMDAwMDAwMCwidXBkYXRlIjoxODAwMDAwMDAwMDAwfX0=",
          "dependencies": [
            "module.role_assignment.azurerm_eventhub.testeventhub",
            "module.role_assignment.azurerm_eventhub_namespace.testeventhubnamespace",
            "module.role_assignment.azurerm_storage_account.appstore",
            "module.role_assignment.data.azurerm_client_config.example"
          ]
        }
      ]
    },
    {
      "module": "module.role_assignment",
      "mode": "managed",
      "type": "azurerm_storage_account",
      "name": "appstore",
      "provider": "provider[\"registry.terraform.io/hashicorp/azurerm\"]",
      "instances": [
        {
          "schema_version": 3,
          "attributes": {
            "access_tier": "Hot",
            "account_kind": "StorageV2",
            "account_replication_type": "LRS",
            "account_tier": "Standard",
            "allow_nested_items_to_be_public": true,
            "allowed_copy_scope": "",
            "azure_files_authentication": [],
            "blob_properties": [
              {
                "change_feed_enabled": false,
                "change_feed_retention_in_days": 0,
                "container_delete_retention_policy": [],
                "cors_rule": [],
                "default_service_version": "",
                "delete_retention_policy": [],
                "last_access_time_enabled": false,
                "restore_policy": [],
                "versioning_enabled": false
              }
            ],
            "cross_tenant_replication_enabled": true,
            "custom_domain": [],
            "customer_managed_key": [],
            "default_to_oauth_authentication": false,
            "edge_zone": "",
            "enable_https_traffic_only": true,
            "id": "/subscriptions/650ad5a2-14cd-43ae-959e-ed37ad7950f5/resourceGroups/rg-1/providers/Microsoft.Storage/storageAccounts/appstore45776871909",
            "identity": [],
            "immutability_policy": [],
            "infrastructure_encryption_enabled": false,
            "is_hns_enabled": false,
            "large_file_share_enabled": null,
            "location": "eastus",
            "min_tls_version": "TLS1_2",
            "name": "appstore45776871909",
            "network_rules": [
              {
                "bypass": [
                  "AzureServices"
                ],
                "default_action": "Allow",
                "ip_rules": [],
                "private_link_access": [],
                "virtual_network_subnet_ids": []
              }
            ],
            "nfsv3_enabled": false,
            "primary_access_key": "w7topqLz1s2s3AFm3BB/QchRg/2bZZSaqLwgfV0PujUDLqlRX4NqZO13IMif9n4WmH0gC8hlk818+ASte1+lUA==",
            "primary_blob_connection_string": "DefaultEndpointsProtocol=https;BlobEndpoint=https://appstore45776871909.blob.core.windows.net/;AccountName=appstore45776871909;AccountKey=w7topqLz1s2s3AFm3BB/QchRg/2bZZSaqLwgfV0PujUDLqlRX4NqZO13IMif9n4WmH0gC8hlk818+ASte1+lUA==",
            "primary_blob_endpoint": "https://appstore45776871909.blob.core.windows.net/",
            "primary_blob_host": "appstore45776871909.blob.core.windows.net",
            "primary_connection_string": "DefaultEndpointsProtocol=https;AccountName=appstore45776871909;AccountKey=w7topqLz1s2s3AFm3BB/QchRg/2bZZSaqLwgfV0PujUDLqlRX4NqZO13IMif9n4WmH0gC8hlk818+ASte1+lUA==;EndpointSuffix=core.windows.net",
            "primary_dfs_endpoint": "https://appstore45776871909.dfs.core.windows.net/",
            "primary_dfs_host": "appstore45776871909.dfs.core.windows.net",
            "primary_file_endpoint": "https://appstore45776871909.file.core.windows.net/",
            "primary_file_host": "appstore45776871909.file.core.windows.net",
            "primary_location": "eastus",
            "primary_queue_endpoint": "https://appstore45776871909.queue.core.windows.net/",
            "primary_queue_host": "appstore45776871909.queue.core.windows.net",
            "primary_table_endpoint": "https://appstore45776871909.table.core.windows.net/",
            "primary_table_host": "appstore45776871909.table.core.windows.net",
            "primary_web_endpoint": "https://appstore45776871909.z13.web.core.windows.net/",
            "primary_web_host": "appstore45776871909.z13.web.core.windows.net",
            "public_network_access_enabled": true,
            "queue_encryption_key_type": "Service",
            "queue_properties": [
              {
                "cors_rule": [],
                "hour_metrics": [
                  {
                    "enabled": true,
                    "include_apis": true,
                    "retention_policy_days": 7,
                    "version": "1.0"
                  }
                ],
                "logging": [
                  {
                    "delete": false,
                    "read": false,
                    "retention_policy_days": 0,
                    "version": "1.0",
                    "write": false
                  }
                ],
                "minute_metrics": [
                  {
                    "enabled": false,
                    "include_apis": false,
                    "retention_policy_days": 0,
                    "version": "1.0"
                  }
                ]
              }
            ],
            "resource_group_name": "rg-1",
            "routing": [],
            "sas_policy": [],
            "secondary_access_key": "59rKeZATE8yWF5db4OnFh8tVDzNA6JezDv5zUQyYQ7PXDxmwgyrFly7x9KNcH7eCYOVuYhU8f0o4+AStXh6GgA==",
            "secondary_blob_connection_string": "",
            "secondary_blob_endpoint": null,
            "secondary_blob_host": null,
            "secondary_connection_string": "DefaultEndpointsProtocol=https;AccountName=appstore45776871909;AccountKey=59rKeZATE8yWF5db4OnFh8tVDzNA6JezDv5zUQyYQ7PXDxmwgyrFly7x9KNcH7eCYOVuYhU8f0o4+AStXh6GgA==;EndpointSuffix=core.windows.net",
            "secondary_dfs_endpoint": null,
            "secondary_dfs_host": null,
            "secondary_file_endpoint": null,
            "secondary_file_host": null,
            "secondary_location": "",
            "secondary_queue_endpoint": null,
            "secondary_queue_host": null,
            "secondary_table_endpoint": null,
            "secondary_table_host": null,
            "secondary_web_endpoint": null,
            "secondary_web_host": null,
            "sftp_enabled": false,
            "share_properties": [
              {
                "cors_rule": [],
                "retention_policy": [
                  {
                    "days": 7
                  }
                ],
                "smb": []
              }
            ],
            "shared_access_key_enabled": true,
            "static_website": [],
            "table_encryption_key_type": "Service",
            "tags": null,
            "timeouts": null
          },
          "sensitive_attributes": [],
          "private": "eyJlMmJmYjczMC1lY2FhLTExZTYtOGY4OC0zNDM2M2JjN2M0YzAiOnsiY3JlYXRlIjozNjAwMDAwMDAwMDAwLCJkZWxldGUiOjM2MDAwMDAwMDAwMDAsInJlYWQiOjMwMDAwMDAwMDAwMCwidXBkYXRlIjozNjAwMDAwMDAwMDAwfSwic2NoZW1hX3ZlcnNpb24iOiIzIn0="
        }
      ]
    },
    {
      "module": "module.role_assignment",
      "mode": "managed",
      "type": "azurerm_storage_container",
      "name": "data",
      "provider": "provider[\"registry.terraform.io/hashicorp/azurerm\"]",
      "instances": [
        {
          "schema_version": 1,
          "attributes": {
            "container_access_type": "blob",
            "has_immutability_policy": false,
            "has_legal_hold": false,
            "id": "https://appstore45776871909.blob.core.windows.net/data",
            "metadata": {},
            "name": "data",
            "resource_manager_id": "/subscriptions/650ad5a2-14cd-43ae-959e-ed37ad7950f5/resourceGroups/rg-1/providers/Microsoft.Storage/storageAccounts/appstore45776871909/blobServices/default/containers/data",
            "storage_account_name": "appstore45776871909",
            "timeouts": null
          },
          "sensitive_attributes": [],
          "private": "eyJlMmJmYjczMC1lY2FhLTExZTYtOGY4OC0zNDM2M2JjN2M0YzAiOnsiY3JlYXRlIjoxODAwMDAwMDAwMDAwLCJkZWxldGUiOjE4MDAwMDAwMDAwMDAsInJlYWQiOjMwMDAwMDAwMDAwMCwidXBkYXRlIjoxODAwMDAwMDAwMDAwfSwic2NoZW1hX3ZlcnNpb24iOiIxIn0=",
          "dependencies": [
            "module.role_assignment.azurerm_resource_group.app_grp",
            "module.role_assignment.azurerm_storage_account.appstore"
          ]
        }
      ]
    },
    {
      "module": "module.role_assignment",
      "mode": "managed",
      "type": "azurerm_subnet",
      "name": "SubnetA",
      "provider": "provider[\"registry.terraform.io/hashicorp/azurerm\"]",
      "instances": [
        {
          "schema_version": 0,
          "attributes": {
            "address_prefixes": [
              "10.0.1.0/24"
            ],
            "delegation": [],
            "enforce_private_link_endpoint_network_policies": false,
            "enforce_private_link_service_network_policies": false,
            "id": "/subscriptions/650ad5a2-14cd-43ae-959e-ed37ad7950f5/resourceGroups/rg-1/providers/Microsoft.Network/virtualNetworks/app-network/subnets/SubnetA",
            "name": "SubnetA",
            "private_endpoint_network_policies_enabled": true,
            "private_link_service_network_policies_enabled": true,
            "resource_group_name": "rg-1",
            "service_endpoint_policy_ids": null,
            "service_endpoints": null,
            "timeouts": null,
            "virtual_network_name": "app-network"
          },
          "sensitive_attributes": [],
          "private": "eyJlMmJmYjczMC1lY2FhLTExZTYtOGY4OC0zNDM2M2JjN2M0YzAiOnsiY3JlYXRlIjoxODAwMDAwMDAwMDAwLCJkZWxldGUiOjE4MDAwMDAwMDAwMDAsInJlYWQiOjMwMDAwMDAwMDAwMCwidXBkYXRlIjoxODAwMDAwMDAwMDAwfX0=",
          "dependencies": [
            "module.role_assignment.azurerm_virtual_network.app_network"
          ]
        }
      ]
    },
    {
      "module": "module.role_assignment",
      "mode": "managed",
      "type": "azurerm_virtual_network",
      "name": "app_network",
      "provider": "provider[\"registry.terraform.io/hashicorp/azurerm\"]",
      "instances": [
        {
          "schema_version": 0,
          "attributes": {
            "address_space": [
              "10.0.0.0/16"
            ],
            "bgp_community": "",
            "ddos_protection_plan": [],
            "dns_servers": [],
            "edge_zone": "",
            "flow_timeout_in_minutes": 0,
            "guid": "3a070d45-6c1d-4d25-8f45-16ee2636dbd0",
            "id": "/subscriptions/650ad5a2-14cd-43ae-959e-ed37ad7950f5/resourceGroups/rg-1/providers/Microsoft.Network/virtualNetworks/app-network",
            "location": "eastus",
            "name": "app-network",
            "resource_group_name": "rg-1",
            "subnet": [],
            "tags": null,
            "timeouts": null
          },
          "sensitive_attributes": [],
          "private": "eyJlMmJmYjczMC1lY2FhLTExZTYtOGY4OC0zNDM2M2JjN2M0YzAiOnsiY3JlYXRlIjoxODAwMDAwMDAwMDAwLCJkZWxldGUiOjE4MDAwMDAwMDAwMDAsInJlYWQiOjMwMDAwMDAwMDAwMCwidXBkYXRlIjoxODAwMDAwMDAwMDAwfX0="
        }
      ]
    }
  ],
  "check_results": null
}
