{
  "version": 4,
  "terraform_version": "1.3.6",
  "serial": 23,
  "lineage": "efecc73f-9a57-7a82-f3d2-2e270e62e503",
  "outputs": {},
  "resources": [
    {
      "module": "module.eventhub",
      "mode": "data",
      "type": "azurerm_client_config",
      "name": "example",
      "provider": "module.eventhub.provider[\"registry.terraform.io/hashicorp/azurerm\"]",
      "instances": [
        {
          "schema_version": 0,
          "attributes": {
            "client_id": "04b07795-8ddb-461a-bbee-02f9e1bf7b46",
            "id": "Y2xpZW50Q29uZmlncy9jbGllbnRJZD0wNGIwNzc5NS04ZGRiLTQ2MWEtYmJlZS0wMmY5ZTFiZjdiNDY7b2JqZWN0SWQ9ODk3NWMxNmItNGMwYi00MTJhLTgwOWMtMTliOGRmNzNkNTc3O3N1YnNjcmlwdGlvbklkPTZmOGY3YTc1LWJkNGQtNDQ5OS1iMjE1LTdiOTdjMzY4YmFjMTt0ZW5hbnRJZD1mYTI5ZTY0MC0xOGFkLTRjNmQtOWJhYS1kNjA4MDVhZDI4YzA=",
            "object_id": "8975c16b-4c0b-412a-809c-19b8df73d577",
            "subscription_id": "6f8f7a75-bd4d-4499-b215-7b97c368bac1",
            "tenant_id": "fa29e640-18ad-4c6d-9baa-d60805ad28c0",
            "timeouts": null
          },
          "sensitive_attributes": []
        }
      ]
    },
    {
      "module": "module.eventhub",
      "mode": "data",
      "type": "azurerm_subscription",
      "name": "primary",
      "provider": "module.eventhub.provider[\"registry.terraform.io/hashicorp/azurerm\"]",
      "instances": [
        {
          "schema_version": 0,
          "attributes": {
            "display_name": "Free Trial",
            "id": "/subscriptions/6f8f7a75-bd4d-4499-b215-7b97c368bac1",
            "location_placement_id": "PublicAndIndia_2015-09-01",
            "quota_id": "FreeTrial_2014-09-01",
            "spending_limit": "On",
            "state": "Enabled",
            "subscription_id": "6f8f7a75-bd4d-4499-b215-7b97c368bac1",
            "tags": {},
            "tenant_id": "fa29e640-18ad-4c6d-9baa-d60805ad28c0",
            "timeouts": null
          },
          "sensitive_attributes": []
        }
      ]
    },
    {
      "module": "module.eventhub",
      "mode": "managed",
      "type": "azurerm_eventhub",
      "name": "testeventhub",
      "provider": "module.eventhub.provider[\"registry.terraform.io/hashicorp/azurerm\"]",
      "instances": [
        {
          "schema_version": 0,
          "attributes": {
            "capture_description": [
              {
                "destination": [
                  {
                    "archive_name_format": "{Namespace}/{EventHub}/{PartitionId}/{Year}-{Month}-{Day}T{Hour}:{Minute}:{Second}",
                    "blob_container_name": "data",
                    "name": "EventHubArchive.AzureBlockBlob",
                    "storage_account_id": "/subscriptions/6f8f7a75-bd4d-4499-b215-7b97c368bac1/resourceGroups/rg-1/providers/Microsoft.Storage/storageAccounts/appstore457768714567"
                  }
                ],
                "enabled": true,
                "encoding": "Avro",
                "interval_in_seconds": 300,
                "size_limit_in_bytes": 10485763,
                "skip_empty_archives": false
              }
            ],
            "id": "/subscriptions/6f8f7a75-bd4d-4499-b215-7b97c368bac1/resourceGroups/rg-1/providers/Microsoft.EventHub/namespaces/testeventhub1220301902/eventhubs/test-eventhub",
            "message_retention": 1,
            "name": "test-eventhub",
            "namespace_name": "testeventhub1220301902",
            "partition_count": 4,
            "partition_ids": [
              "0",
              "1",
              "2",
              "3"
            ],
            "resource_group_name": "rg-1",
            "status": "Active",
            "timeouts": null
          },
          "sensitive_attributes": [],
          "private": "eyJlMmJmYjczMC1lY2FhLTExZTYtOGY4OC0zNDM2M2JjN2M0YzAiOnsiY3JlYXRlIjoxODAwMDAwMDAwMDAwLCJkZWxldGUiOjE4MDAwMDAwMDAwMDAsInJlYWQiOjMwMDAwMDAwMDAwMCwidXBkYXRlIjoxODAwMDAwMDAwMDAwfX0=",
          "dependencies": [
            "module.eventhub.azurerm_eventhub_namespace.testeventhubnamespace",
            "module.eventhub.azurerm_resource_group.app_grp",
            "module.eventhub.azurerm_storage_account.appstore"
          ]
        }
      ]
    },
    {
      "module": "module.eventhub",
      "mode": "managed",
      "type": "azurerm_eventhub_namespace",
      "name": "testeventhubnamespace",
      "provider": "module.eventhub.provider[\"registry.terraform.io/hashicorp/azurerm\"]",
      "instances": [
        {
          "schema_version": 0,
          "attributes": {
            "auto_inflate_enabled": false,
            "capacity": 1,
            "dedicated_cluster_id": "",
            "default_primary_connection_string": "Endpoint=sb://testeventhub1220301902.servicebus.windows.net/;SharedAccessKeyName=RootManageSharedAccessKey;SharedAccessKey=ADoqQDdRk75Ie60biSUAuX10MiS88n+/f+AEhOp9JG0=",
            "default_primary_connection_string_alias": "",
            "default_primary_key": "ADoqQDdRk75Ie60biSUAuX10MiS88n+/f+AEhOp9JG0=",
            "default_secondary_connection_string": "Endpoint=sb://testeventhub1220301902.servicebus.windows.net/;SharedAccessKeyName=RootManageSharedAccessKey;SharedAccessKey=5xjYW5AEfkbCEWHJJdNCEh703hUBfkZO5+AEhDHhjww=",
            "default_secondary_connection_string_alias": "",
            "default_secondary_key": "5xjYW5AEfkbCEWHJJdNCEh703hUBfkZO5+AEhDHhjww=",
            "id": "/subscriptions/6f8f7a75-bd4d-4499-b215-7b97c368bac1/resourceGroups/rg-1/providers/Microsoft.EventHub/namespaces/testeventhub1220301902",
            "identity": [],
            "local_authentication_enabled": true,
            "location": "eastus",
            "maximum_throughput_units": 0,
            "minimum_tls_version": "1.2",
            "name": "testeventhub1220301902",
            "network_rulesets": [
              {
                "default_action": "Allow",
                "ip_rule": [],
                "public_network_access_enabled": true,
                "trusted_service_access_enabled": false,
                "virtual_network_rule": []
              }
            ],
            "public_network_access_enabled": true,
            "resource_group_name": "rg-1",
            "sku": "Standard",
            "tags": {},
            "timeouts": null,
            "zone_redundant": false
          },
          "sensitive_attributes": [],
          "private": "eyJlMmJmYjczMC1lY2FhLTExZTYtOGY4OC0zNDM2M2JjN2M0YzAiOnsiY3JlYXRlIjoxODAwMDAwMDAwMDAwLCJkZWxldGUiOjE4MDAwMDAwMDAwMDAsInJlYWQiOjMwMDAwMDAwMDAwMCwidXBkYXRlIjoxODAwMDAwMDAwMDAwfX0=",
          "dependencies": [
            "module.eventhub.azurerm_resource_group.app_grp"
          ]
        }
      ]
    },
    {
      "module": "module.eventhub",
      "mode": "managed",
      "type": "azurerm_management_lock",
      "name": "role_assignment",
      "provider": "module.eventhub.provider[\"registry.terraform.io/hashicorp/azurerm\"]",
      "instances": [
        {
          "schema_version": 0,
          "attributes": {
            "id": "/subscriptions/6f8f7a75-bd4d-4499-b215-7b97c368bac1/resourceGroups/rg-1/providers/Microsoft.EventHub/namespaces/testeventhub1220301902/providers/Microsoft.Authorization/locks/role-asaignment",
            "lock_level": "CanNotDelete",
            "name": "role-asaignment",
            "notes": "Locked because it's needed by a third-party",
            "scope": "/subscriptions/6f8f7a75-bd4d-4499-b215-7b97c368bac1/resourceGroups/rg-1/providers/Microsoft.EventHub/namespaces/testeventhub1220301902",
            "timeouts": null
          },
          "sensitive_attributes": [],
          "private": "eyJlMmJmYjczMC1lY2FhLTExZTYtOGY4OC0zNDM2M2JjN2M0YzAiOnsiY3JlYXRlIjoxODAwMDAwMDAwMDAwLCJkZWxldGUiOjE4MDAwMDAwMDAwMDAsInJlYWQiOjMwMDAwMDAwMDAwMCwidXBkYXRlIjoxODAwMDAwMDAwMDAwfX0=",
          "dependencies": [
            "module.eventhub.azurerm_eventhub_namespace.testeventhubnamespace",
            "module.eventhub.azurerm_resource_group.app_grp"
          ]
        }
      ]
    },
    {
      "module": "module.eventhub",
      "mode": "managed",
      "type": "azurerm_network_interface",
      "name": "app_interface",
      "provider": "module.eventhub.provider[\"registry.terraform.io/hashicorp/azurerm\"]",
      "instances": [
        {
          "schema_version": 0,
          "attributes": {
            "applied_dns_servers": [],
            "dns_servers": [],
            "edge_zone": "",
            "enable_accelerated_networking": false,
            "enable_ip_forwarding": false,
            "id": "/subscriptions/6f8f7a75-bd4d-4499-b215-7b97c368bac1/resourceGroups/rg-1/providers/Microsoft.Network/networkInterfaces/app-interface",
            "internal_dns_name_label": "",
            "internal_domain_name_suffix": "xj1dveqaaa1evbrahuv23el4yc.bx.internal.cloudapp.net",
            "ip_configuration": [
              {
                "gateway_load_balancer_frontend_ip_configuration_id": "",
                "name": "internal",
                "primary": true,
                "private_ip_address": "10.0.2.4",
                "private_ip_address_allocation": "Dynamic",
                "private_ip_address_version": "IPv4",
                "public_ip_address_id": "/subscriptions/6f8f7a75-bd4d-4499-b215-7b97c368bac1/resourceGroups/rg-1/providers/Microsoft.Network/publicIPAddresses/app-public-ip",
                "subnet_id": "/subscriptions/6f8f7a75-bd4d-4499-b215-7b97c368bac1/resourceGroups/rg-1/providers/Microsoft.Network/virtualNetworks/app-network/subnets/SubnetA"
              }
            ],
            "location": "eastus",
            "mac_address": "",
            "name": "app-interface",
            "private_ip_address": "10.0.2.4",
            "private_ip_addresses": [
              "10.0.2.4"
            ],
            "resource_group_name": "rg-1",
            "tags": {},
            "timeouts": null,
            "virtual_machine_id": ""
          },
          "sensitive_attributes": [],
          "private": "eyJlMmJmYjczMC1lY2FhLTExZTYtOGY4OC0zNDM2M2JjN2M0YzAiOnsiY3JlYXRlIjoxODAwMDAwMDAwMDAwLCJkZWxldGUiOjE4MDAwMDAwMDAwMDAsInJlYWQiOjMwMDAwMDAwMDAwMCwidXBkYXRlIjoxODAwMDAwMDAwMDAwfX0=",
          "dependencies": [
            "module.eventhub.azurerm_public_ip.app_public_ip",
            "module.eventhub.azurerm_resource_group.app_grp",
            "module.eventhub.azurerm_subnet.SubnetA",
            "module.eventhub.azurerm_virtual_network.app_network"
          ]
        }
      ]
    },
    {
      "module": "module.eventhub",
      "mode": "managed",
      "type": "azurerm_private_dns_zone",
      "name": "example",
      "provider": "module.eventhub.provider[\"registry.terraform.io/hashicorp/azurerm\"]",
      "instances": [
        {
          "schema_version": 0,
          "attributes": {
            "id": "/subscriptions/6f8f7a75-bd4d-4499-b215-7b97c368bac1/resourceGroups/rg-1/providers/Microsoft.Network/privateDnsZones/privatelink.blob.core.windows.net",
            "max_number_of_record_sets": 25000,
            "max_number_of_virtual_network_links": 1000,
            "max_number_of_virtual_network_links_with_registration": 100,
            "name": "privatelink.blob.core.windows.net",
            "number_of_record_sets": 1,
            "resource_group_name": "rg-1",
            "soa_record": [
              {
                "email": "azureprivatedns-host.microsoft.com",
                "expire_time": 2419200,
                "fqdn": "privatelink.blob.core.windows.net.",
                "host_name": "azureprivatedns.net",
                "minimum_ttl": 10,
                "refresh_time": 3600,
                "retry_time": 300,
                "serial_number": 1,
                "tags": {},
                "ttl": 3600
              }
            ],
            "tags": {},
            "timeouts": null
          },
          "sensitive_attributes": [],
          "private": "eyJlMmJmYjczMC1lY2FhLTExZTYtOGY4OC0zNDM2M2JjN2M0YzAiOnsiY3JlYXRlIjoxODAwMDAwMDAwMDAwLCJkZWxldGUiOjE4MDAwMDAwMDAwMDAsInJlYWQiOjMwMDAwMDAwMDAwMCwidXBkYXRlIjoxODAwMDAwMDAwMDAwfX0=",
          "dependencies": [
            "module.eventhub.azurerm_resource_group.app_grp"
          ]
        }
      ]
    },
    {
      "module": "module.eventhub",
      "mode": "managed",
      "type": "azurerm_private_dns_zone_virtual_network_link",
      "name": "example",
      "provider": "module.eventhub.provider[\"registry.terraform.io/hashicorp/azurerm\"]",
      "instances": [
        {
          "schema_version": 0,
          "attributes": {
            "id": "/subscriptions/6f8f7a75-bd4d-4499-b215-7b97c368bac1/resourceGroups/rg-1/providers/Microsoft.Network/privateDnsZones/privatelink.blob.core.windows.net/virtualNetworkLinks/example-link",
            "name": "example-link",
            "private_dns_zone_name": "privatelink.blob.core.windows.net",
            "registration_enabled": false,
            "resource_group_name": "rg-1",
            "tags": {},
            "timeouts": null,
            "virtual_network_id": "/subscriptions/6f8f7a75-bd4d-4499-b215-7b97c368bac1/resourceGroups/rg-1/providers/Microsoft.Network/virtualNetworks/app-network"
          },
          "sensitive_attributes": [],
          "private": "eyJlMmJmYjczMC1lY2FhLTExZTYtOGY4OC0zNDM2M2JjN2M0YzAiOnsiY3JlYXRlIjoxODAwMDAwMDAwMDAwLCJkZWxldGUiOjE4MDAwMDAwMDAwMDAsInJlYWQiOjMwMDAwMDAwMDAwMCwidXBkYXRlIjoxODAwMDAwMDAwMDAwfX0=",
          "dependencies": [
            "module.eventhub.azurerm_private_dns_zone.example",
            "module.eventhub.azurerm_resource_group.app_grp",
            "module.eventhub.azurerm_virtual_network.app_network"
          ]
        }
      ]
    },
    {
      "module": "module.eventhub",
      "mode": "managed",
      "type": "azurerm_private_endpoint",
      "name": "privateendpoint1",
      "provider": "module.eventhub.provider[\"registry.terraform.io/hashicorp/azurerm\"]",
      "instances": [
        {
          "schema_version": 0,
          "attributes": {
            "custom_dns_configs": [
              {
                "fqdn": "testeventhub1220301902.servicebus.windows.net",
                "ip_addresses": [
                  "10.0.2.5"
                ]
              }
            ],
            "custom_network_interface_name": "",
            "id": "/subscriptions/6f8f7a75-bd4d-4499-b215-7b97c368bac1/resourceGroups/rg-1/providers/Microsoft.Network/privateEndpoints/eventhub-private-endpoint-1",
            "ip_configuration": [],
            "location": "eastus",
            "name": "eventhub-private-endpoint-1",
            "network_interface": [
              {
                "id": "/subscriptions/6f8f7a75-bd4d-4499-b215-7b97c368bac1/resourceGroups/rg-1/providers/Microsoft.Network/networkInterfaces/eventhub-private-endpoint-1.nic.6912b8a2-581b-4191-b73c-3147bd6e4aa8",
                "name": "eventhub-private-endpoint-1.nic.6912b8a2-581b-4191-b73c-3147bd6e4aa8"
              }
            ],
            "private_dns_zone_configs": [
              {
                "id": "/subscriptions/6f8f7a75-bd4d-4499-b215-7b97c368bac1/resourceGroups/rg-1/providers/Microsoft.Network/privateEndpoints/eventhub-private-endpoint-1/privateDnsZoneGroups/example-dns-zone-group/privateDnsZoneConfigs/privatelink.blob.core.windows.net",
                "name": "privatelink.blob.core.windows.net",
                "private_dns_zone_id": "/subscriptions/6f8f7a75-bd4d-4499-b215-7b97c368bac1/resourceGroups/rg-1/providers/Microsoft.Network/privateDnsZones/privatelink.blob.core.windows.net",
                "record_sets": []
              }
            ],
            "private_dns_zone_group": [
              {
                "id": "/subscriptions/6f8f7a75-bd4d-4499-b215-7b97c368bac1/resourceGroups/rg-1/providers/Microsoft.Network/privateEndpoints/eventhub-private-endpoint-1/privateDnsZoneGroups/example-dns-zone-group",
                "name": "example-dns-zone-group",
                "private_dns_zone_ids": [
                  "/subscriptions/6f8f7a75-bd4d-4499-b215-7b97c368bac1/resourceGroups/rg-1/providers/Microsoft.Network/privateDnsZones/privatelink.blob.core.windows.net"
                ]
              }
            ],
            "private_service_connection": [
              {
                "is_manual_connection": false,
                "name": "example-eventhub-private-connection",
                "private_connection_resource_alias": "",
                "private_connection_resource_id": "/subscriptions/6f8f7a75-bd4d-4499-b215-7b97c368bac1/resourceGroups/rg-1/providers/Microsoft.EventHub/namespaces/testeventhub1220301902",
                "private_ip_address": "10.0.2.5",
                "request_message": "",
                "subresource_names": [
                  "Namespace"
                ]
              }
            ],
            "resource_group_name": "rg-1",
            "subnet_id": "/subscriptions/6f8f7a75-bd4d-4499-b215-7b97c368bac1/resourceGroups/rg-1/providers/Microsoft.Network/virtualNetworks/app-network/subnets/SubnetA",
            "tags": {},
            "timeouts": null
          },
          "sensitive_attributes": [],
          "private": "eyJlMmJmYjczMC1lY2FhLTExZTYtOGY4OC0zNDM2M2JjN2M0YzAiOnsiY3JlYXRlIjozNjAwMDAwMDAwMDAwLCJkZWxldGUiOjM2MDAwMDAwMDAwMDAsInJlYWQiOjMwMDAwMDAwMDAwMCwidXBkYXRlIjozNjAwMDAwMDAwMDAwfX0=",
          "dependencies": [
            "module.eventhub.azurerm_eventhub_namespace.testeventhubnamespace",
            "module.eventhub.azurerm_private_dns_zone.example",
            "module.eventhub.azurerm_resource_group.app_grp",
            "module.eventhub.azurerm_subnet.SubnetA",
            "module.eventhub.azurerm_virtual_network.app_network"
          ]
        }
      ]
    },
    {
      "module": "module.eventhub",
      "mode": "managed",
      "type": "azurerm_public_ip",
      "name": "app_public_ip",
      "provider": "module.eventhub.provider[\"registry.terraform.io/hashicorp/azurerm\"]",
      "instances": [
        {
          "schema_version": 0,
          "attributes": {
            "allocation_method": "Static",
            "ddos_protection_mode": "VirtualNetworkInherited",
            "ddos_protection_plan_id": null,
            "domain_name_label": null,
            "edge_zone": "",
            "fqdn": null,
            "id": "/subscriptions/6f8f7a75-bd4d-4499-b215-7b97c368bac1/resourceGroups/rg-1/providers/Microsoft.Network/publicIPAddresses/app-public-ip",
            "idle_timeout_in_minutes": 4,
            "ip_address": "20.115.32.141",
            "ip_tags": {},
            "ip_version": "IPv4",
            "location": "eastus",
            "name": "app-public-ip",
            "public_ip_prefix_id": null,
            "resource_group_name": "rg-1",
            "reverse_fqdn": null,
            "sku": "Basic",
            "sku_tier": "Regional",
            "tags": {},
            "timeouts": null,
            "zones": []
          },
          "sensitive_attributes": [],
          "private": "eyJlMmJmYjczMC1lY2FhLTExZTYtOGY4OC0zNDM2M2JjN2M0YzAiOnsiY3JlYXRlIjoxODAwMDAwMDAwMDAwLCJkZWxldGUiOjE4MDAwMDAwMDAwMDAsInJlYWQiOjMwMDAwMDAwMDAwMCwidXBkYXRlIjoxODAwMDAwMDAwMDAwfX0=",
          "dependencies": [
            "module.eventhub.azurerm_resource_group.app_grp"
          ]
        }
      ]
    },
    {
      "module": "module.eventhub",
      "mode": "managed",
      "type": "azurerm_resource_group",
      "name": "app_grp",
      "provider": "module.eventhub.provider[\"registry.terraform.io/hashicorp/azurerm\"]",
      "instances": [
        {
          "schema_version": 0,
          "attributes": {
            "id": "/subscriptions/6f8f7a75-bd4d-4499-b215-7b97c368bac1/resourceGroups/rg-1",
            "location": "eastus",
            "managed_by": "",
            "name": "rg-1",
            "tags": {},
            "timeouts": null
          },
          "sensitive_attributes": [],
          "private": "eyJlMmJmYjczMC1lY2FhLTExZTYtOGY4OC0zNDM2M2JjN2M0YzAiOnsiY3JlYXRlIjo1NDAwMDAwMDAwMDAwLCJkZWxldGUiOjU0MDAwMDAwMDAwMDAsInJlYWQiOjMwMDAwMDAwMDAwMCwidXBkYXRlIjo1NDAwMDAwMDAwMDAwfX0="
        }
      ]
    },
    {
      "module": "module.eventhub",
      "mode": "managed",
      "type": "azurerm_role_assignment",
      "name": "Reader",
      "provider": "module.eventhub.provider[\"registry.terraform.io/hashicorp/azurerm\"]",
      "instances": [
        {
          "schema_version": 0,
          "attributes": {
            "condition": "",
            "condition_version": "",
            "delegated_managed_identity_resource_id": "",
            "description": "",
            "id": "/subscriptions/6f8f7a75-bd4d-4499-b215-7b97c368bac1/resourceGroups/rg-1/providers/Microsoft.EventHub/namespaces/testeventhub1220301902/eventhubs/test-eventhub/providers/Microsoft.Authorization/roleAssignments/b3568456-4254-f2a9-47a3-524acebe1ef4",
            "name": "b3568456-4254-f2a9-47a3-524acebe1ef4",
            "principal_id": "8975c16b-4c0b-412a-809c-19b8df73d577",
            "principal_type": "User",
            "role_definition_id": "/subscriptions/6f8f7a75-bd4d-4499-b215-7b97c368bac1/providers/Microsoft.Authorization/roleDefinitions/acdd72a7-3385-48ef-bd42-f606fba81ae7",
            "role_definition_name": "Reader",
            "scope": "/subscriptions/6f8f7a75-bd4d-4499-b215-7b97c368bac1/resourceGroups/rg-1/providers/Microsoft.EventHub/namespaces/testeventhub1220301902/eventhubs/test-eventhub",
            "skip_service_principal_aad_check": null,
            "timeouts": null
          },
          "sensitive_attributes": [],
          "private": "eyJlMmJmYjczMC1lY2FhLTExZTYtOGY4OC0zNDM2M2JjN2M0YzAiOnsiY3JlYXRlIjoxODAwMDAwMDAwMDAwLCJkZWxldGUiOjE4MDAwMDAwMDAwMDAsInJlYWQiOjMwMDAwMDAwMDAwMCwidXBkYXRlIjoxODAwMDAwMDAwMDAwfX0=",
          "dependencies": [
            "module.eventhub.azurerm_eventhub.testeventhub",
            "module.eventhub.azurerm_eventhub_namespace.testeventhubnamespace",
            "module.eventhub.azurerm_resource_group.app_grp",
            "module.eventhub.azurerm_storage_account.appstore",
            "module.eventhub.data.azurerm_client_config.example"
          ]
        }
      ]
    },
    {
      "module": "module.eventhub",
      "mode": "managed",
      "type": "azurerm_role_assignment",
      "name": "eventhub_storage_blobs_write",
      "provider": "module.eventhub.provider[\"registry.terraform.io/hashicorp/azurerm\"]",
      "instances": [
        {
          "schema_version": 0,
          "attributes": {
            "condition": "",
            "condition_version": "",
            "delegated_managed_identity_resource_id": "",
            "description": "",
            "id": "/subscriptions/6f8f7a75-bd4d-4499-b215-7b97c368bac1/resourceGroups/rg-1/providers/Microsoft.Storage/storageAccounts/appstore457768714567/providers/Microsoft.Authorization/roleAssignments/12449a76-635b-8975-1e87-a3403594c7bb",
            "name": "12449a76-635b-8975-1e87-a3403594c7bb",
            "principal_id": "8975c16b-4c0b-412a-809c-19b8df73d577",
            "principal_type": "User",
            "role_definition_id": "/subscriptions/6f8f7a75-bd4d-4499-b215-7b97c368bac1/providers/Microsoft.Authorization/roleDefinitions/ba92f5b4-2d11-453d-a403-e96b0029c9fe",
            "role_definition_name": "Storage Blob Data Contributor",
            "scope": "/subscriptions/6f8f7a75-bd4d-4499-b215-7b97c368bac1/resourceGroups/rg-1/providers/Microsoft.Storage/storageAccounts/appstore457768714567",
            "skip_service_principal_aad_check": null,
            "timeouts": null
          },
          "sensitive_attributes": [],
          "private": "eyJlMmJmYjczMC1lY2FhLTExZTYtOGY4OC0zNDM2M2JjN2M0YzAiOnsiY3JlYXRlIjoxODAwMDAwMDAwMDAwLCJkZWxldGUiOjE4MDAwMDAwMDAwMDAsInJlYWQiOjMwMDAwMDAwMDAwMCwidXBkYXRlIjoxODAwMDAwMDAwMDAwfX0=",
          "dependencies": [
            "module.eventhub.azurerm_storage_account.appstore",
            "module.eventhub.data.azurerm_client_config.example"
          ]
        }
      ]
    },
    {
      "module": "module.eventhub",
      "mode": "managed",
      "type": "azurerm_storage_account",
      "name": "appstore",
      "provider": "module.eventhub.provider[\"registry.terraform.io/hashicorp/azurerm\"]",
      "instances": [
        {
          "schema_version": 4,
          "attributes": {
            "access_tier": "Hot",
            "account_kind": "StorageV2",
            "account_replication_type": "LRS",
            "account_tier": "Standard",
            "allow_nested_items_to_be_public": true,
            "allowed_copy_scope": "",
            "azure_files_authentication": [],
            "blob_properties": [
              {
                "change_feed_enabled": false,
                "change_feed_retention_in_days": 0,
                "container_delete_retention_policy": [],
                "cors_rule": [],
                "default_service_version": "",
                "delete_retention_policy": [],
                "last_access_time_enabled": false,
                "restore_policy": [],
                "versioning_enabled": false
              }
            ],
            "cross_tenant_replication_enabled": true,
            "custom_domain": [],
            "customer_managed_key": [],
            "default_to_oauth_authentication": false,
            "edge_zone": "",
            "enable_https_traffic_only": true,
            "id": "/subscriptions/6f8f7a75-bd4d-4499-b215-7b97c368bac1/resourceGroups/rg-1/providers/Microsoft.Storage/storageAccounts/appstore457768714567",
            "identity": [],
            "immutability_policy": [],
            "infrastructure_encryption_enabled": false,
            "is_hns_enabled": false,
            "large_file_share_enabled": null,
            "location": "eastus",
            "min_tls_version": "TLS1_2",
            "name": "appstore457768714567",
            "network_rules": [
              {
                "bypass": [
                  "AzureServices"
                ],
                "default_action": "Allow",
                "ip_rules": [],
                "private_link_access": [],
                "virtual_network_subnet_ids": []
              }
            ],
            "nfsv3_enabled": false,
            "primary_access_key": "WP/6qTmXG2EwTNFzd1iwaZHnMdx9uCNinCr1VaY2MAnOQ75Q82nNlQM0+he4EwuRfSOWQUtXWzrh+AStvakHXQ==",
            "primary_blob_connection_string": "DefaultEndpointsProtocol=https;BlobEndpoint=https://appstore457768714567.blob.core.windows.net/;AccountName=appstore457768714567;AccountKey=WP/6qTmXG2EwTNFzd1iwaZHnMdx9uCNinCr1VaY2MAnOQ75Q82nNlQM0+he4EwuRfSOWQUtXWzrh+AStvakHXQ==",
            "primary_blob_endpoint": "https://appstore457768714567.blob.core.windows.net/",
            "primary_blob_host": "appstore457768714567.blob.core.windows.net",
            "primary_connection_string": "DefaultEndpointsProtocol=https;AccountName=appstore457768714567;AccountKey=WP/6qTmXG2EwTNFzd1iwaZHnMdx9uCNinCr1VaY2MAnOQ75Q82nNlQM0+he4EwuRfSOWQUtXWzrh+AStvakHXQ==;EndpointSuffix=core.windows.net",
            "primary_dfs_endpoint": "https://appstore457768714567.dfs.core.windows.net/",
            "primary_dfs_host": "appstore457768714567.dfs.core.windows.net",
            "primary_file_endpoint": "https://appstore457768714567.file.core.windows.net/",
            "primary_file_host": "appstore457768714567.file.core.windows.net",
            "primary_location": "eastus",
            "primary_queue_endpoint": "https://appstore457768714567.queue.core.windows.net/",
            "primary_queue_host": "appstore457768714567.queue.core.windows.net",
            "primary_table_endpoint": "https://appstore457768714567.table.core.windows.net/",
            "primary_table_host": "appstore457768714567.table.core.windows.net",
            "primary_web_endpoint": "https://appstore457768714567.z13.web.core.windows.net/",
            "primary_web_host": "appstore457768714567.z13.web.core.windows.net",
            "public_network_access_enabled": true,
            "queue_encryption_key_type": "Service",
            "queue_properties": [
              {
                "cors_rule": [],
                "hour_metrics": [
                  {
                    "enabled": true,
                    "include_apis": true,
                    "retention_policy_days": 7,
                    "version": "1.0"
                  }
                ],
                "logging": [
                  {
                    "delete": false,
                    "read": false,
                    "retention_policy_days": 0,
                    "version": "1.0",
                    "write": false
                  }
                ],
                "minute_metrics": [
                  {
                    "enabled": false,
                    "include_apis": false,
                    "retention_policy_days": 0,
                    "version": "1.0"
                  }
                ]
              }
            ],
            "resource_group_name": "rg-1",
            "routing": [],
            "sas_policy": [],
            "secondary_access_key": "i6SCjw079jumbSvWDPBuJuiCTpIpOeoFdEXck4YlAb+9Ai4mRNjX3ZWaaZfjvDyOyUxWIRMMbcsd+AStwn7aFg==",
            "secondary_blob_connection_string": "",
            "secondary_blob_endpoint": null,
            "secondary_blob_host": null,
            "secondary_connection_string": "DefaultEndpointsProtocol=https;AccountName=appstore457768714567;AccountKey=i6SCjw079jumbSvWDPBuJuiCTpIpOeoFdEXck4YlAb+9Ai4mRNjX3ZWaaZfjvDyOyUxWIRMMbcsd+AStwn7aFg==;EndpointSuffix=core.windows.net",
            "secondary_dfs_endpoint": null,
            "secondary_dfs_host": null,
            "secondary_file_endpoint": null,
            "secondary_file_host": null,
            "secondary_location": "",
            "secondary_queue_endpoint": null,
            "secondary_queue_host": null,
            "secondary_table_endpoint": null,
            "secondary_table_host": null,
            "secondary_web_endpoint": null,
            "secondary_web_host": null,
            "sftp_enabled": false,
            "share_properties": [
              {
                "cors_rule": [],
                "retention_policy": [
                  {
                    "days": 7
                  }
                ],
                "smb": []
              }
            ],
            "shared_access_key_enabled": true,
            "static_website": [],
            "table_encryption_key_type": "Service",
            "tags": {},
            "timeouts": null
          },
          "sensitive_attributes": [],
          "private": "eyJlMmJmYjczMC1lY2FhLTExZTYtOGY4OC0zNDM2M2JjN2M0YzAiOnsiY3JlYXRlIjozNjAwMDAwMDAwMDAwLCJkZWxldGUiOjM2MDAwMDAwMDAwMDAsInJlYWQiOjMwMDAwMDAwMDAwMCwidXBkYXRlIjozNjAwMDAwMDAwMDAwfSwic2NoZW1hX3ZlcnNpb24iOiI0In0=",
          "dependencies": [
            "module.eventhub.azurerm_resource_group.app_grp"
          ]
        }
      ]
    },
    {
      "module": "module.eventhub",
      "mode": "managed",
      "type": "azurerm_storage_container",
      "name": "data",
      "provider": "module.eventhub.provider[\"registry.terraform.io/hashicorp/azurerm\"]",
      "instances": [
        {
          "schema_version": 1,
          "attributes": {
            "container_access_type": "blob",
            "has_immutability_policy": false,
            "has_legal_hold": false,
            "id": "https://appstore457768714567.blob.core.windows.net/data",
            "metadata": {},
            "name": "data",
            "resource_manager_id": "/subscriptions/6f8f7a75-bd4d-4499-b215-7b97c368bac1/resourceGroups/rg-1/providers/Microsoft.Storage/storageAccounts/appstore457768714567/blobServices/default/containers/data",
            "storage_account_name": "appstore457768714567",
            "timeouts": null
          },
          "sensitive_attributes": [],
          "private": "eyJlMmJmYjczMC1lY2FhLTExZTYtOGY4OC0zNDM2M2JjN2M0YzAiOnsiY3JlYXRlIjoxODAwMDAwMDAwMDAwLCJkZWxldGUiOjE4MDAwMDAwMDAwMDAsInJlYWQiOjMwMDAwMDAwMDAwMCwidXBkYXRlIjoxODAwMDAwMDAwMDAwfSwic2NoZW1hX3ZlcnNpb24iOiIxIn0=",
          "dependencies": [
            "module.eventhub.azurerm_resource_group.app_grp",
            "module.eventhub.azurerm_storage_account.appstore"
          ]
        }
      ]
    },
    {
      "module": "module.eventhub",
      "mode": "managed",
      "type": "azurerm_subnet",
      "name": "SubnetA",
      "provider": "module.eventhub.provider[\"registry.terraform.io/hashicorp/azurerm\"]",
      "instances": [
        {
          "schema_version": 0,
          "attributes": {
            "address_prefixes": [
              "10.0.2.0/24"
            ],
            "delegation": [],
            "enforce_private_link_endpoint_network_policies": false,
            "enforce_private_link_service_network_policies": false,
            "id": "/subscriptions/6f8f7a75-bd4d-4499-b215-7b97c368bac1/resourceGroups/rg-1/providers/Microsoft.Network/virtualNetworks/app-network/subnets/SubnetA",
            "name": "SubnetA",
            "private_endpoint_network_policies_enabled": true,
            "private_link_service_network_policies_enabled": true,
            "resource_group_name": "rg-1",
            "service_endpoint_policy_ids": [],
            "service_endpoints": [],
            "timeouts": null,
            "virtual_network_name": "app-network"
          },
          "sensitive_attributes": [],
          "private": "eyJlMmJmYjczMC1lY2FhLTExZTYtOGY4OC0zNDM2M2JjN2M0YzAiOnsiY3JlYXRlIjoxODAwMDAwMDAwMDAwLCJkZWxldGUiOjE4MDAwMDAwMDAwMDAsInJlYWQiOjMwMDAwMDAwMDAwMCwidXBkYXRlIjoxODAwMDAwMDAwMDAwfX0=",
          "dependencies": [
            "module.eventhub.azurerm_resource_group.app_grp",
            "module.eventhub.azurerm_virtual_network.app_network"
          ]
        }
      ]
    },
    {
      "module": "module.eventhub",
      "mode": "managed",
      "type": "azurerm_virtual_network",
      "name": "app_network",
      "provider": "module.eventhub.provider[\"registry.terraform.io/hashicorp/azurerm\"]",
      "instances": [
        {
          "schema_version": 0,
          "attributes": {
            "address_space": [
              "10.0.0.0/16"
            ],
            "bgp_community": "",
            "ddos_protection_plan": [],
            "dns_servers": [],
            "edge_zone": "",
            "encryption": [],
            "flow_timeout_in_minutes": 0,
            "guid": "923a76ba-0000-4a36-8620-3d2bce917ec2",
            "id": "/subscriptions/6f8f7a75-bd4d-4499-b215-7b97c368bac1/resourceGroups/rg-1/providers/Microsoft.Network/virtualNetworks/app-network",
            "location": "eastus",
            "name": "app-network",
            "resource_group_name": "rg-1",
            "subnet": [
              {
                "address_prefix": "10.0.2.0/24",
                "id": "/subscriptions/6f8f7a75-bd4d-4499-b215-7b97c368bac1/resourceGroups/rg-1/providers/Microsoft.Network/virtualNetworks/app-network/subnets/SubnetA",
                "name": "SubnetA",
                "security_group": ""
              }
            ],
            "tags": {},
            "timeouts": null
          },
          "sensitive_attributes": [],
          "private": "eyJlMmJmYjczMC1lY2FhLTExZTYtOGY4OC0zNDM2M2JjN2M0YzAiOnsiY3JlYXRlIjoxODAwMDAwMDAwMDAwLCJkZWxldGUiOjE4MDAwMDAwMDAwMDAsInJlYWQiOjMwMDAwMDAwMDAwMCwidXBkYXRlIjoxODAwMDAwMDAwMDAwfX0=",
          "dependencies": [
            "module.eventhub.azurerm_resource_group.app_grp"
          ]
        }
      ]
    }
  ],
  "check_results": null
}
