{
  "version": 4,
  "terraform_version": "1.3.6",
  "serial": 7,
  "lineage": "8afb4e69-9721-ca2a-5cf2-83463261b52a",
  "outputs": {},
  "resources": [
    {
      "module": "module.role_assignment",
      "mode": "data",
      "type": "azurerm_client_config",
      "name": "example",
      "provider": "provider[\"registry.terraform.io/hashicorp/azurerm\"]",
      "instances": [
        {
          "schema_version": 0,
          "attributes": {
            "client_id": "04b07795-8ddb-461a-bbee-02f9e1bf7b46",
            "id": "Y2xpZW50Q29uZmlncy9jbGllbnRJZD0wNGIwNzc5NS04ZGRiLTQ2MWEtYmJlZS0wMmY5ZTFiZjdiNDY7b2JqZWN0SWQ9OGYyYWY5ZjItMDJhMC00OGI5LWI3YzQtZjU3OTEyYjE1MmM5O3N1YnNjcmlwdGlvbklkPTY1MGFkNWEyLTE0Y2QtNDNhZS05NTllLWVkMzdhZDc5NTBmNTt0ZW5hbnRJZD04YTcwMjgzOC0xN2M0LTRlN2QtODgzNS1hNWViM2U0MTA3MGI=",
            "object_id": "8f2af9f2-02a0-48b9-b7c4-f57912b152c9",
            "subscription_id": "650ad5a2-14cd-43ae-959e-ed37ad7950f5",
            "tenant_id": "8a702838-17c4-4e7d-8835-a5eb3e41070b",
            "timeouts": null
          },
          "sensitive_attributes": []
        }
      ]
    },
    {
      "module": "module.role_assignment",
      "mode": "data",
      "type": "azurerm_subscription",
      "name": "primary",
      "provider": "provider[\"registry.terraform.io/hashicorp/azurerm\"]",
      "instances": [
        {
          "schema_version": 0,
          "attributes": {
            "display_name": "Free Trial",
            "id": "/subscriptions/650ad5a2-14cd-43ae-959e-ed37ad7950f5",
            "location_placement_id": "PublicAndIndia_2015-09-01",
            "quota_id": "FreeTrial_2014-09-01",
            "spending_limit": "On",
            "state": "Enabled",
            "subscription_id": "650ad5a2-14cd-43ae-959e-ed37ad7950f5",
            "tags": {},
            "tenant_id": "8a702838-17c4-4e7d-8835-a5eb3e41070b",
            "timeouts": null
          },
          "sensitive_attributes": []
        }
      ]
    },
    {
      "module": "module.role_assignment",
      "mode": "managed",
      "type": "azurerm_eventhub",
      "name": "testeventhub",
      "provider": "provider[\"registry.terraform.io/hashicorp/azurerm\"]",
      "instances": []
    },
    {
      "module": "module.role_assignment",
      "mode": "managed",
      "type": "azurerm_network_interface",
      "name": "app_interface",
      "provider": "provider[\"registry.terraform.io/hashicorp/azurerm\"]",
      "instances": []
    },
    {
      "module": "module.role_assignment",
      "mode": "managed",
      "type": "azurerm_private_dns_zone_virtual_network_link",
      "name": "example",
      "provider": "provider[\"registry.terraform.io/hashicorp/azurerm\"]",
      "instances": []
    },
    {
      "module": "module.role_assignment",
      "mode": "managed",
      "type": "azurerm_private_endpoint",
      "name": "privateendpoint1",
      "provider": "provider[\"registry.terraform.io/hashicorp/azurerm\"]",
      "instances": []
    },
    {
      "module": "module.role_assignment",
      "mode": "managed",
      "type": "azurerm_resource_group",
      "name": "app_grp",
      "provider": "provider[\"registry.terraform.io/hashicorp/azurerm\"]",
      "instances": [
        {
          "schema_version": 0,
          "attributes": {
            "id": "/subscriptions/650ad5a2-14cd-43ae-959e-ed37ad7950f5/resourceGroups/rg-1",
            "location": "eastus",
            "name": "rg-1",
            "tags": null,
            "timeouts": null
          },
          "sensitive_attributes": [],
          "private": "eyJlMmJmYjczMC1lY2FhLTExZTYtOGY4OC0zNDM2M2JjN2M0YzAiOnsiY3JlYXRlIjo1NDAwMDAwMDAwMDAwLCJkZWxldGUiOjU0MDAwMDAwMDAwMDAsInJlYWQiOjMwMDAwMDAwMDAwMCwidXBkYXRlIjo1NDAwMDAwMDAwMDAwfX0="
        }
      ]
    },
    {
      "module": "module.role_assignment",
      "mode": "managed",
      "type": "azurerm_role_assignment",
      "name": "example",
      "provider": "provider[\"registry.terraform.io/hashicorp/azurerm\"]",
      "instances": []
    },
    {
      "module": "module.role_assignment",
      "mode": "managed",
      "type": "azurerm_storage_container",
      "name": "data",
      "provider": "provider[\"registry.terraform.io/hashicorp/azurerm\"]",
      "instances": []
    },
    {
      "module": "module.role_assignment",
      "mode": "managed",
      "type": "azurerm_subnet",
      "name": "SubnetA",
      "provider": "provider[\"registry.terraform.io/hashicorp/azurerm\"]",
      "instances": []
    }
  ],
  "check_results": null
}
